
Microsoft Visual Studio Solution File, Format Version 12.00
# Visual Studio Version 16
VisualStudioVersion = 16.0.29102.190
MinimumVisualStudioVersion = 10.0.40219.1
Project("{FAE04EC0-301F-11D3-BF4B-00C04F79EFBC}") = "Lab2", "Lab2\Lab2.csproj", "{7BC0DC2C-FEAD-4499-970D-BBEE73DB1520}"
EndProject
Global
	GlobalSection(SolutionConfigurationPlatforms) = preSolution
		Debug|Any CPU = Debug|Any CPU
		Release|Any CPU = Release|Any CPU
	EndGlobalSection
	GlobalSection(ProjectConfigurationPlatforms) = postSolution
		{7BC0DC2C-FEAD-4499-970D-BBEE73DB1520}.Debug|Any CPU.ActiveCfg = Debug|Any CPU
		{7BC0DC2C-FEAD-4499-970D-BBEE73DB1520}.Debug|Any CPU.Build.0 = Debug|Any CPU
		{7BC0DC2C-FEAD-4499-970D-BBEE73DB1520}.Release|Any CPU.ActiveCfg = Release|Any CPU
		{7BC0DC2C-FEAD-4499-970D-BBEE73DB1520}.Release|Any CPU.Build.0 = Release|Any CPU
	EndGlobalSection
	GlobalSection(SolutionProperties) = preSolution
		HideSolutionNode = FALSE
	EndGlobalSection
	GlobalSection(ExtensibilityGlobals) = postSolution
		SolutionGuid = {186EA14B-6EFB-4E9B-82A2-EB69A404C346}
	EndGlobalSection
EndGlobal
